
Microsoft Visual Studio Solution File, Format Version 12.00
# Visual Studio Version 17
VisualStudioVersion = 17.5.002.0
MinimumVisualStudioVersion = 10.0.40219.1
Project("{9A19103F-16F7-4668-BE54-9A1E7A4F7556}") = "Server.Common", "Server.Common\Server.Common.csproj", "{82035377-FE36-43C9-AF1E-70CC0225AEB1}"
EndProject
Project("{9A19103F-16F7-4668-BE54-9A1E7A4F7556}") = "Server.Models", "Server.Models\Server.Models.csproj", "{F752D26A-7B70-451D-A019-3D11FB143110}"
EndProject
Project("{9A19103F-16F7-4668-BE54-9A1E7A4F7556}") = "Server.Presentation", "Server.Presentation\Server.Presentation.csproj", "{94DEF79A-BB6C-4A03-9F20-38556B30952C}"
EndProject
Project("{9A19103F-16F7-4668-BE54-9A1E7A4F7556}") = "Server.DataAccess", "Server.DataAccess\Server.DataAccess.csproj", "{85B5CC4C-46E9-497F-9EB4-FBE954FB683C}"
EndProject
Project("{9A19103F-16F7-4668-BE54-9A1E7A4F7556}") = "Server.BusinessLogic", "Server.BusinessLogic\Server.BusinessLogic.csproj", "{CED257D9-12CB-4D7A-A843-57C1139860BF}"
EndProject
Global
	GlobalSection(SolutionConfigurationPlatforms) = preSolution
		Debug|Any CPU = Debug|Any CPU
		Release|Any CPU = Release|Any CPU
	EndGlobalSection
	GlobalSection(ProjectConfigurationPlatforms) = postSolution
		{82035377-FE36-43C9-AF1E-70CC0225AEB1}.Debug|Any CPU.ActiveCfg = Debug|Any CPU
		{82035377-FE36-43C9-AF1E-70CC0225AEB1}.Debug|Any CPU.Build.0 = Debug|Any CPU
		{82035377-FE36-43C9-AF1E-70CC0225AEB1}.Release|Any CPU.ActiveCfg = Release|Any CPU
		{82035377-FE36-43C9-AF1E-70CC0225AEB1}.Release|Any CPU.Build.0 = Release|Any CPU
		{F752D26A-7B70-451D-A019-3D11FB143110}.Debug|Any CPU.ActiveCfg = Debug|Any CPU
		{F752D26A-7B70-451D-A019-3D11FB143110}.Debug|Any CPU.Build.0 = Debug|Any CPU
		{F752D26A-7B70-451D-A019-3D11FB143110}.Release|Any CPU.ActiveCfg = Release|Any CPU
		{F752D26A-7B70-451D-A019-3D11FB143110}.Release|Any CPU.Build.0 = Release|Any CPU
		{94DEF79A-BB6C-4A03-9F20-38556B30952C}.Debug|Any CPU.ActiveCfg = Debug|Any CPU
		{94DEF79A-BB6C-4A03-9F20-38556B30952C}.Debug|Any CPU.Build.0 = Debug|Any CPU
		{94DEF79A-BB6C-4A03-9F20-38556B30952C}.Release|Any CPU.ActiveCfg = Release|Any CPU
		{94DEF79A-BB6C-4A03-9F20-38556B30952C}.Release|Any CPU.Build.0 = Release|Any CPU
		{85B5CC4C-46E9-497F-9EB4-FBE954FB683C}.Debug|Any CPU.ActiveCfg = Debug|Any CPU
		{85B5CC4C-46E9-497F-9EB4-FBE954FB683C}.Debug|Any CPU.Build.0 = Debug|Any CPU
		{85B5CC4C-46E9-497F-9EB4-FBE954FB683C}.Release|Any CPU.ActiveCfg = Release|Any CPU
		{85B5CC4C-46E9-497F-9EB4-FBE954FB683C}.Release|Any CPU.Build.0 = Release|Any CPU
		{CED257D9-12CB-4D7A-A843-57C1139860BF}.Debug|Any CPU.ActiveCfg = Debug|Any CPU
		{CED257D9-12CB-4D7A-A843-57C1139860BF}.Debug|Any CPU.Build.0 = Debug|Any CPU
		{CED257D9-12CB-4D7A-A843-57C1139860BF}.Release|Any CPU.ActiveCfg = Release|Any CPU
		{CED257D9-12CB-4D7A-A843-57C1139860BF}.Release|Any CPU.Build.0 = Release|Any CPU
	EndGlobalSection
	GlobalSection(SolutionProperties) = preSolution
		HideSolutionNode = FALSE
	EndGlobalSection
	GlobalSection(ExtensibilityGlobals) = postSolution
		SolutionGuid = {A5C088DC-61FB-4261-B833-EDD55F797365}
	EndGlobalSection
EndGlobal
